// !$*UTF8*$!
{
	archiveVersion = 1;
	classes = {
	};
	objectVersion = 56;
	objects = {

/* Begin PBXBuildFile section */
		7D011CEE2CC5438600FBFED2 /* MainView.swift in Sources */ = {isa = PBXBuildFile; fileRef = 7D011CED2CC5438600FBFED2 /* MainView.swift */; };
		7D1E874B2CC323E600CF054D /* UiPlaygroundApp.swift in Sources */ = {isa = PBXBuildFile; fileRef = 7D1E874A2CC323E600CF054D /* UiPlaygroundApp.swift */; };
		7D1E874D2CC323E600CF054D /* ContentView.swift in Sources */ = {isa = PBXBuildFile; fileRef = 7D1E874C2CC323E600CF054D /* ContentView.swift */; };
		7D1E874F2CC323E700CF054D /* Assets.xcassets in Resources */ = {isa = PBXBuildFile; fileRef = 7D1E874E2CC323E700CF054D /* Assets.xcassets */; };
		7D1E87522CC323E700CF054D /* Preview Assets.xcassets in Resources */ = {isa = PBXBuildFile; fileRef = 7D1E87512CC323E700CF054D /* Preview Assets.xcassets */; };
		7D1E875C2CC323E700CF054D /* UiPlaygroundTests.swift in Sources */ = {isa = PBXBuildFile; fileRef = 7D1E875B2CC323E700CF054D /* UiPlaygroundTests.swift */; };
		7D1E87662CC323E800CF054D /* UiPlaygroundUITests.swift in Sources */ = {isa = PBXBuildFile; fileRef = 7D1E87652CC323E800CF054D /* UiPlaygroundUITests.swift */; };
		7D1E87682CC323E800CF054D /* UiPlaygroundUITestsLaunchTests.swift in Sources */ = {isa = PBXBuildFile; fileRef = 7D1E87672CC323E800CF054D /* UiPlaygroundUITestsLaunchTests.swift */; };
/* End PBXBuildFile section */

/* Begin PBXContainerItemProxy section */
		7D1E87582CC323E700CF054D /* PBXContainerItemProxy */ = {
			isa = PBXContainerItemProxy;
			containerPortal = 7D1E873F2CC323E600CF054D /* Project object */;
			proxyType = 1;
			remoteGlobalIDString = 7D1E87462CC323E600CF054D;
			remoteInfo = uiplayground;
		};
		7D1E87622CC323E700CF054D /* PBXContainerItemProxy */ = {
			isa = PBXContainerItemProxy;
			containerPortal = 7D1E873F2CC323E600CF054D /* Project object */;
			proxyType = 1;
			remoteGlobalIDString = 7D1E87462CC323E600CF054D;
			remoteInfo = uiplayground;
		};
/* End PBXContainerItemProxy section */

/* Begin PBXFileReference section */
		7D011CED2CC5438600FBFED2 /* MainView.swift */ = {isa = PBXFileReference; lastKnownFileType = sourcecode.swift; path = MainView.swift; sourceTree = "<group>"; };
		7D1E87472CC323E600CF054D /* UiPlayground.app */ = {isa = PBXFileReference; explicitFileType = wrapper.application; includeInIndex = 0; path = UiPlayground.app; sourceTree = BUILT_PRODUCTS_DIR; };
		7D1E874A2CC323E600CF054D /* UiPlaygroundApp.swift */ = {isa = PBXFileReference; lastKnownFileType = sourcecode.swift; path = UiPlaygroundApp.swift; sourceTree = "<group>"; };
		7D1E874C2CC323E600CF054D /* ContentView.swift */ = {isa = PBXFileReference; lastKnownFileType = sourcecode.swift; path = ContentView.swift; sourceTree = "<group>"; };
		7D1E874E2CC323E700CF054D /* Assets.xcassets */ = {isa = PBXFileReference; lastKnownFileType = folder.assetcatalog; path = Assets.xcassets; sourceTree = "<group>"; };
		7D1E87512CC323E700CF054D /* Preview Assets.xcassets */ = {isa = PBXFileReference; lastKnownFileType = folder.assetcatalog; path = "Preview Assets.xcassets"; sourceTree = "<group>"; };
		7D1E87572CC323E700CF054D /* UiPlaygroundTests.xctest */ = {isa = PBXFileReference; explicitFileType = wrapper.cfbundle; includeInIndex = 0; path = UiPlaygroundTests.xctest; sourceTree = BUILT_PRODUCTS_DIR; };
		7D1E875B2CC323E700CF054D /* UiPlaygroundTests.swift */ = {isa = PBXFileReference; lastKnownFileType = sourcecode.swift; path = UiPlaygroundTests.swift; sourceTree = "<group>"; };
		7D1E87612CC323E700CF054D /* UiPlaygroundUITests.xctest */ = {isa = PBXFileReference; explicitFileType = wrapper.cfbundle; includeInIndex = 0; path = UiPlaygroundUITests.xctest; sourceTree = BUILT_PRODUCTS_DIR; };
		7D1E87652CC323E800CF054D /* UiPlaygroundUITests.swift */ = {isa = PBXFileReference; lastKnownFileType = sourcecode.swift; path = UiPlaygroundUITests.swift; sourceTree = "<group>"; };
		7D1E87672CC323E800CF054D /* UiPlaygroundUITestsLaunchTests.swift */ = {isa = PBXFileReference; lastKnownFileType = sourcecode.swift; path = UiPlaygroundUITestsLaunchTests.swift; sourceTree = "<group>"; };
		7DA8A54D2CC54B540083CF8C /* Info.plist */ = {isa = PBXFileReference; lastKnownFileType = text.plist; path = Info.plist; sourceTree = "<group>"; };
/* End PBXFileReference section */

/* Begin PBXFrameworksBuildPhase section */
		7D1E87442CC323E600CF054D /* Frameworks */ = {
			isa = PBXFrameworksBuildPhase;
			buildActionMask = 2147483647;
			files = (
			);
			runOnlyForDeploymentPostprocessing = 0;
		};
		7D1E87542CC323E700CF054D /* Frameworks */ = {
			isa = PBXFrameworksBuildPhase;
			buildActionMask = 2147483647;
			files = (
			);
			runOnlyForDeploymentPostprocessing = 0;
		};
		7D1E875E2CC323E700CF054D /* Frameworks */ = {
			isa = PBXFrameworksBuildPhase;
			buildActionMask = 2147483647;
			files = (
			);
			runOnlyForDeploymentPostprocessing = 0;
		};
/* End PBXFrameworksBuildPhase section */

/* Begin PBXGroup section */
		7D1E873E2CC323E600CF054D = {
			isa = PBXGroup;
			children = (
				7D1E87492CC323E600CF054D /* UiPlayground */,
				7D1E875A2CC323E700CF054D /* UiPlaygroundTests */,
				7D1E87642CC323E800CF054D /* UiPlaygroundUITests */,
				7D1E87482CC323E600CF054D /* Products */,
			);
			sourceTree = "<group>";
		};
		7D1E87482CC323E600CF054D /* Products */ = {
			isa = PBXGroup;
			children = (
				7D1E87472CC323E600CF054D /* UiPlayground.app */,
				7D1E87572CC323E700CF054D /* UiPlaygroundTests.xctest */,
				7D1E87612CC323E700CF054D /* UiPlaygroundUITests.xctest */,
			);
			name = Products;
			sourceTree = "<group>";
		};
		7D1E87492CC323E600CF054D /* UiPlayground */ = {
			isa = PBXGroup;
			children = (
				7DA8A54D2CC54B540083CF8C /* Info.plist */,
				7D1E874A2CC323E600CF054D /* UiPlaygroundApp.swift */,
				7D1E874C2CC323E600CF054D /* ContentView.swift */,
				7D011CED2CC5438600FBFED2 /* MainView.swift */,
				7D1E874E2CC323E700CF054D /* Assets.xcassets */,
				7D1E87502CC323E700CF054D /* Preview Content */,
			);
			path = UiPlayground;
			sourceTree = "<group>";
		};
		7D1E87502CC323E700CF054D /* Preview Content */ = {
			isa = PBXGroup;
			children = (
				7D1E87512CC323E700CF054D /* Preview Assets.xcassets */,
			);
			path = "Preview Content";
			sourceTree = "<group>";
		};
		7D1E875A2CC323E700CF054D /* UiPlaygroundTests */ = {
			isa = PBXGroup;
			children = (
				7D1E875B2CC323E700CF054D /* UiPlaygroundTests.swift */,
			);
			path = UiPlaygroundTests;
			sourceTree = "<group>";
		};
		7D1E87642CC323E800CF054D /* UiPlaygroundUITests */ = {
			isa = PBXGroup;
			children = (
				7D1E87652CC323E800CF054D /* UiPlaygroundUITests.swift */,
				7D1E87672CC323E800CF054D /* UiPlaygroundUITestsLaunchTests.swift */,
			);
			path = UiPlaygroundUITests;
			sourceTree = "<group>";
		};
/* End PBXGroup section */

/* Begin PBXNativeTarget section */
		7D1E87462CC323E600CF054D /* UiPlayground */ = {
			isa = PBXNativeTarget;
			buildConfigurationList = 7D1E876B2CC323E800CF054D /* Build configuration list for PBXNativeTarget "UiPlayground" */;
			buildPhases = (
				7D0632AE2CC3251F009B3E2F /* ShellScript */,
				7D1E87432CC323E600CF054D /* Sources */,
				7D1E87442CC323E600CF054D /* Frameworks */,
				7D1E87452CC323E600CF054D /* Resources */,
			);
			buildRules = (
			);
			dependencies = (
			);
			name = UiPlayground;
			productName = uiplayground;
			productReference = 7D1E87472CC323E600CF054D /* UiPlayground.app */;
			productType = "com.apple.product-type.application";
		};
		7D1E87562CC323E700CF054D /* UiPlaygroundTests */ = {
			isa = PBXNativeTarget;
			buildConfigurationList = 7D1E876E2CC323E800CF054D /* Build configuration list for PBXNativeTarget "UiPlaygroundTests" */;
			buildPhases = (
				7D1E87532CC323E700CF054D /* Sources */,
				7D1E87542CC323E700CF054D /* Frameworks */,
				7D1E87552CC323E700CF054D /* Resources */,
			);
			buildRules = (
			);
			dependencies = (
				7D1E87592CC323E700CF054D /* PBXTargetDependency */,
			);
			name = UiPlaygroundTests;
			productName = uiplaygroundTests;
			productReference = 7D1E87572CC323E700CF054D /* UiPlaygroundTests.xctest */;
			productType = "com.apple.product-type.bundle.unit-test";
		};
		7D1E87602CC323E700CF054D /* UiPlaygroundUITests */ = {
			isa = PBXNativeTarget;
			buildConfigurationList = 7D1E87712CC323E800CF054D /* Build configuration list for PBXNativeTarget "UiPlaygroundUITests" */;
			buildPhases = (
				7D1E875D2CC323E700CF054D /* Sources */,
				7D1E875E2CC323E700CF054D /* Frameworks */,
				7D1E875F2CC323E700CF054D /* Resources */,
			);
			buildRules = (
			);
			dependencies = (
				7D1E87632CC323E700CF054D /* PBXTargetDependency */,
			);
			name = UiPlaygroundUITests;
			productName = uiplaygroundUITests;
			productReference = 7D1E87612CC323E700CF054D /* UiPlaygroundUITests.xctest */;
			productType = "com.apple.product-type.bundle.ui-testing";
		};
/* End PBXNativeTarget section */

/* Begin PBXProject section */
		7D1E873F2CC323E600CF054D /* Project object */ = {
			isa = PBXProject;
			attributes = {
				BuildIndependentTargetsInParallel = 1;
				LastSwiftUpdateCheck = 1530;
				LastUpgradeCheck = 1530;
				TargetAttributes = {
					7D1E87462CC323E600CF054D = {
						CreatedOnToolsVersion = 15.3;
					};
					7D1E87562CC323E700CF054D = {
						CreatedOnToolsVersion = 15.3;
						TestTargetID = 7D1E87462CC323E600CF054D;
					};
					7D1E87602CC323E700CF054D = {
						CreatedOnToolsVersion = 15.3;
						TestTargetID = 7D1E87462CC323E600CF054D;
					};
				};
			};
			buildConfigurationList = 7D1E87422CC323E600CF054D /* Build configuration list for PBXProject "UiPlayground" */;
			compatibilityVersion = "Xcode 14.0";
			developmentRegion = en;
			hasScannedForEncodings = 0;
			knownRegions = (
				en,
				Base,
			);
			mainGroup = 7D1E873E2CC323E600CF054D;
			productRefGroup = 7D1E87482CC323E600CF054D /* Products */;
			projectDirPath = "";
			projectRoot = "";
			targets = (
				7D1E87462CC323E600CF054D /* UiPlayground */,
				7D1E87562CC323E700CF054D /* UiPlaygroundTests */,
				7D1E87602CC323E700CF054D /* UiPlaygroundUITests */,
			);
		};
/* End PBXProject section */

/* Begin PBXResourcesBuildPhase section */
		7D1E87452CC323E600CF054D /* Resources */ = {
			isa = PBXResourcesBuildPhase;
			buildActionMask = 2147483647;
			files = (
				7D1E87522CC323E700CF054D /* Preview Assets.xcassets in Resources */,
				7D1E874F2CC323E700CF054D /* Assets.xcassets in Resources */,
			);
			runOnlyForDeploymentPostprocessing = 0;
		};
		7D1E87552CC323E700CF054D /* Resources */ = {
			isa = PBXResourcesBuildPhase;
			buildActionMask = 2147483647;
			files = (
			);
			runOnlyForDeploymentPostprocessing = 0;
		};
		7D1E875F2CC323E700CF054D /* Resources */ = {
			isa = PBXResourcesBuildPhase;
			buildActionMask = 2147483647;
			files = (
			);
			runOnlyForDeploymentPostprocessing = 0;
		};
/* End PBXResourcesBuildPhase section */

/* Begin PBXShellScriptBuildPhase section */
		7D0632AE2CC3251F009B3E2F /* ShellScript */ = {
			isa = PBXShellScriptBuildPhase;
			buildActionMask = 2147483647;
			files = (
			);
			inputFileListPaths = (
			);
			inputPaths = (
			);
			outputFileListPaths = (
			);
			outputPaths = (
			);
			runOnlyForDeploymentPostprocessing = 0;
			shellPath = /bin/sh;
			shellScript = "cd \"$SRCROOT/..\"\n./gradlew :app:embedAndSignAppleFrameworkForXcode\n";
		};
/* End PBXShellScriptBuildPhase section */

/* Begin PBXSourcesBuildPhase section */
		7D1E87432CC323E600CF054D /* Sources */ = {
			isa = PBXSourcesBuildPhase;
			buildActionMask = 2147483647;
			files = (
				7D011CEE2CC5438600FBFED2 /* MainView.swift in Sources */,
				7D1E874D2CC323E600CF054D /* ContentView.swift in Sources */,
				7D1E874B2CC323E600CF054D /* UiPlaygroundApp.swift in Sources */,
			);
			runOnlyForDeploymentPostprocessing = 0;
		};
		7D1E87532CC323E700CF054D /* Sources */ = {
			isa = PBXSourcesBuildPhase;
			buildActionMask = 2147483647;
			files = (
				7D1E875C2CC323E700CF054D /* UiPlaygroundTests.swift in Sources */,
			);
			runOnlyForDeploymentPostprocessing = 0;
		};
		7D1E875D2CC323E700CF054D /* Sources */ = {
			isa = PBXSourcesBuildPhase;
			buildActionMask = 2147483647;
			files = (
				7D1E87662CC323E800CF054D /* UiPlaygroundUITests.swift in Sources */,
				7D1E87682CC323E800CF054D /* UiPlaygroundUITestsLaunchTests.swift in Sources */,
			);
			runOnlyForDeploymentPostprocessing = 0;
		};
/* End PBXSourcesBuildPhase section */

/* Begin PBXTargetDependency section */
		7D1E87592CC323E700CF054D /* PBXTargetDependency */ = {
			isa = PBXTargetDependency;
			target = 7D1E87462CC323E600CF054D /* UiPlayground */;
			targetProxy = 7D1E87582CC323E700CF054D /* PBXContainerItemProxy */;
		};
		7D1E87632CC323E700CF054D /* PBXTargetDependency */ = {
			isa = PBXTargetDependency;
			target = 7D1E87462CC323E600CF054D /* UiPlayground */;
			targetProxy = 7D1E87622CC323E700CF054D /* PBXContainerItemProxy */;
		};
/* End PBXTargetDependency section */

/* Begin XCBuildConfiguration section */
		7D1E87692CC323E800CF054D /* Debug */ = {
			isa = XCBuildConfiguration;
			buildSettings = {
				ALWAYS_SEARCH_USER_PATHS = NO;
				ASSETCATALOG_COMPILER_GENERATE_SWIFT_ASSET_SYMBOL_EXTENSIONS = YES;
				CLANG_ANALYZER_NONNULL = YES;
				CLANG_ANALYZER_NUMBER_OBJECT_CONVERSION = YES_AGGRESSIVE;
				CLANG_CXX_LANGUAGE_STANDARD = "gnu++20";
				CLANG_ENABLE_MODULES = YES;
				CLANG_ENABLE_OBJC_ARC = YES;
				CLANG_ENABLE_OBJC_WEAK = YES;
				CLANG_WARN_BLOCK_CAPTURE_AUTORELEASING = YES;
				CLANG_WARN_BOOL_CONVERSION = YES;
				CLANG_WARN_COMMA = YES;
				CLANG_WARN_CONSTANT_CONVERSION = YES;
				CLANG_WARN_DEPRECATED_OBJC_IMPLEMENTATIONS = YES;
				CLANG_WARN_DIRECT_OBJC_ISA_USAGE = YES_ERROR;
				CLANG_WARN_DOCUMENTATION_COMMENTS = YES;
				CLANG_WARN_EMPTY_BODY = YES;
				CLANG_WARN_ENUM_CONVERSION = YES;
				CLANG_WARN_INFINITE_RECURSION = YES;
				CLANG_WARN_INT_CONVERSION = YES;
				CLANG_WARN_NON_LITERAL_NULL_CONVERSION = YES;
				CLANG_WARN_OBJC_IMPLICIT_RETAIN_SELF = YES;
				CLANG_WARN_OBJC_LITERAL_CONVERSION = YES;
				CLANG_WARN_OBJC_ROOT_CLASS = YES_ERROR;
				CLANG_WARN_QUOTED_INCLUDE_IN_FRAMEWORK_HEADER = YES;
				CLANG_WARN_RANGE_LOOP_ANALYSIS = YES;
				CLANG_WARN_STRICT_PROTOTYPES = YES;
				CLANG_WARN_SUSPICIOUS_MOVE = YES;
				CLANG_WARN_UNGUARDED_AVAILABILITY = YES_AGGRESSIVE;
				CLANG_WARN_UNREACHABLE_CODE = YES;
				CLANG_WARN__DUPLICATE_METHOD_MATCH = YES;
				COPY_PHASE_STRIP = NO;
				DEBUG_INFORMATION_FORMAT = dwarf;
				ENABLE_STRICT_OBJC_MSGSEND = YES;
				ENABLE_TESTABILITY = YES;
				ENABLE_USER_SCRIPT_SANDBOXING = YES;
				GCC_C_LANGUAGE_STANDARD = gnu17;
				GCC_DYNAMIC_NO_PIC = NO;
				GCC_NO_COMMON_BLOCKS = YES;
				GCC_OPTIMIZATION_LEVEL = 0;
				GCC_PREPROCESSOR_DEFINITIONS = (
					"DEBUG=1",
					"$(inherited)",
				);
				GCC_WARN_64_TO_32_BIT_CONVERSION = YES;
				GCC_WARN_ABOUT_RETURN_TYPE = YES_ERROR;
				GCC_WARN_UNDECLARED_SELECTOR = YES;
				GCC_WARN_UNINITIALIZED_AUTOS = YES_AGGRESSIVE;
				GCC_WARN_UNUSED_FUNCTION = YES;
				GCC_WARN_UNUSED_VARIABLE = YES;
				IPHONEOS_DEPLOYMENT_TARGET = 17.4;
				LOCALIZATION_PREFERS_STRING_CATALOGS = YES;
				MTL_ENABLE_DEBUG_INFO = INCLUDE_SOURCE;
				MTL_FAST_MATH = YES;
				ONLY_ACTIVE_ARCH = YES;
				SDKROOT = iphoneos;
				SWIFT_ACTIVE_COMPILATION_CONDITIONS = "DEBUG $(inherited)";
				SWIFT_OPTIMIZATION_LEVEL = "-Onone";
			};
			name = Debug;
		};
		7D1E876A2CC323E800CF054D /* Release */ = {
			isa = XCBuildConfiguration;
			buildSettings = {
				ALWAYS_SEARCH_USER_PATHS = NO;
				ASSETCATALOG_COMPILER_GENERATE_SWIFT_ASSET_SYMBOL_EXTENSIONS = YES;
				CLANG_ANALYZER_NONNULL = YES;
				CLANG_ANALYZER_NUMBER_OBJECT_CONVERSION = YES_AGGRESSIVE;
				CLANG_CXX_LANGUAGE_STANDARD = "gnu++20";
				CLANG_ENABLE_MODULES = YES;
				CLANG_ENABLE_OBJC_ARC = YES;
				CLANG_ENABLE_OBJC_WEAK = YES;
				CLANG_WARN_BLOCK_CAPTURE_AUTORELEASING = YES;
				CLANG_WARN_BOOL_CONVERSION = YES;
				CLANG_WARN_COMMA = YES;
				CLANG_WARN_CONSTANT_CONVERSION = YES;
				CLANG_WARN_DEPRECATED_OBJC_IMPLEMENTATIONS = YES;
				CLANG_WARN_DIRECT_OBJC_ISA_USAGE = YES_ERROR;
				CLANG_WARN_DOCUMENTATION_COMMENTS = YES;
				CLANG_WARN_EMPTY_BODY = YES;
				CLANG_WARN_ENUM_CONVERSION = YES;
				CLANG_WARN_INFINITE_RECURSION = YES;
				CLANG_WARN_INT_CONVERSION = YES;
				CLANG_WARN_NON_LITERAL_NULL_CONVERSION = YES;
				CLANG_WARN_OBJC_IMPLICIT_RETAIN_SELF = YES;
				CLANG_WARN_OBJC_LITERAL_CONVERSION = YES;
				CLANG_WARN_OBJC_ROOT_CLASS = YES_ERROR;
				CLANG_WARN_QUOTED_INCLUDE_IN_FRAMEWORK_HEADER = YES;
				CLANG_WARN_RANGE_LOOP_ANALYSIS = YES;
				CLANG_WARN_STRICT_PROTOTYPES = YES;
				CLANG_WARN_SUSPICIOUS_MOVE = YES;
				CLANG_WARN_UNGUARDED_AVAILABILITY = YES_AGGRESSIVE;
				CLANG_WARN_UNREACHABLE_CODE = YES;
				CLANG_WARN__DUPLICATE_METHOD_MATCH = YES;
				COPY_PHASE_STRIP = NO;
				DEBUG_INFORMATION_FORMAT = "dwarf-with-dsym";
				ENABLE_NS_ASSERTIONS = NO;
				ENABLE_STRICT_OBJC_MSGSEND = YES;
				ENABLE_USER_SCRIPT_SANDBOXING = YES;
				GCC_C_LANGUAGE_STANDARD = gnu17;
				GCC_NO_COMMON_BLOCKS = YES;
				GCC_WARN_64_TO_32_BIT_CONVERSION = YES;
				GCC_WARN_ABOUT_RETURN_TYPE = YES_ERROR;
				GCC_WARN_UNDECLARED_SELECTOR = YES;
				GCC_WARN_UNINITIALIZED_AUTOS = YES_AGGRESSIVE;
				GCC_WARN_UNUSED_FUNCTION = YES;
				GCC_WARN_UNUSED_VARIABLE = YES;
				IPHONEOS_DEPLOYMENT_TARGET = 17.4;
				LOCALIZATION_PREFERS_STRING_CATALOGS = YES;
				MTL_ENABLE_DEBUG_INFO = NO;
				MTL_FAST_MATH = YES;
				SDKROOT = iphoneos;
				SWIFT_COMPILATION_MODE = wholemodule;
				VALIDATE_PRODUCT = YES;
			};
			name = Release;
		};
		7D1E876C2CC323E800CF054D /* Debug */ = {
			isa = XCBuildConfiguration;
			buildSettings = {
				ASSETCATALOG_COMPILER_APPICON_NAME = AppIcon;
				ASSETCATALOG_COMPILER_GLOBAL_ACCENT_COLOR_NAME = AccentColor;
				CODE_SIGN_STYLE = Automatic;
				CURRENT_PROJECT_VERSION = 1;
				DEVELOPMENT_ASSET_PATHS = "\"uiplayground/Preview Content\"";
				DEVELOPMENT_TEAM = 73GCN2MVQJ;
				ENABLE_PREVIEWS = YES;
				ENABLE_USER_SCRIPT_SANDBOXING = NO;
				GENERATE_INFOPLIST_FILE = YES;
				INFOPLIST_FILE = UiPlayground/Info.plist;
				INFOPLIST_KEY_LSApplicationCategoryType = "";
				INFOPLIST_KEY_UIApplicationSceneManifest_Generation = YES;
				INFOPLIST_KEY_UIApplicationSupportsIndirectInputEvents = YES;
				INFOPLIST_KEY_UILaunchScreen_Generation = YES;
				INFOPLIST_KEY_UISupportedInterfaceOrientations_iPad = "UIInterfaceOrientationPortrait UIInterfaceOrientationPortraitUpsideDown UIInterfaceOrientationLandscapeLeft UIInterfaceOrientationLandscapeRight";
				INFOPLIST_KEY_UISupportedInterfaceOrientations_iPhone = "UIInterfaceOrientationPortrait UIInterfaceOrientationLandscapeLeft UIInterfaceOrientationLandscapeRight";
				LD_RUNPATH_SEARCH_PATHS = (
					"$(inherited)",
					"@executable_path/Frameworks",
				);
				MARKETING_VERSION = 1.0;
				PRODUCT_BUNDLE_IDENTIFIER = com.alexrdclement.uiplayground;
				PRODUCT_NAME = "$(TARGET_NAME)";
				SWIFT_EMIT_LOC_STRINGS = YES;
				SWIFT_VERSION = 5.0;
				TARGETED_DEVICE_FAMILY = "1,2";
			};
			name = Debug;
		};
		7D1E876D2CC323E800CF054D /* Release */ = {
			isa = XCBuildConfiguration;
			buildSettings = {
				ASSETCATALOG_COMPILER_APPICON_NAME = AppIcon;
				ASSETCATALOG_COMPILER_GLOBAL_ACCENT_COLOR_NAME = AccentColor;
				CODE_SIGN_STYLE = Automatic;
				CURRENT_PROJECT_VERSION = 1;
				DEVELOPMENT_ASSET_PATHS = "\"uiplayground/Preview Content\"";
				DEVELOPMENT_TEAM = 73GCN2MVQJ;
				ENABLE_PREVIEWS = YES;
				ENABLE_USER_SCRIPT_SANDBOXING = NO;
				GENERATE_INFOPLIST_FILE = YES;
				INFOPLIST_FILE = UiPlayground/Info.plist;
				INFOPLIST_KEY_LSApplicationCategoryType = "";
				INFOPLIST_KEY_UIApplicationSceneManifest_Generation = YES;
				INFOPLIST_KEY_UIApplicationSupportsIndirectInputEvents = YES;
				INFOPLIST_KEY_UILaunchScreen_Generation = YES;
				INFOPLIST_KEY_UISupportedInterfaceOrientations_iPad = "UIInterfaceOrientationPortrait UIInterfaceOrientationPortraitUpsideDown UIInterfaceOrientationLandscapeLeft UIInterfaceOrientationLandscapeRight";
				INFOPLIST_KEY_UISupportedInterfaceOrientations_iPhone = "UIInterfaceOrientationPortrait UIInterfaceOrientationLandscapeLeft UIInterfaceOrientationLandscapeRight";
				LD_RUNPATH_SEARCH_PATHS = (
					"$(inherited)",
					"@executable_path/Frameworks",
				);
				MARKETING_VERSION = 1.0;
				PRODUCT_BUNDLE_IDENTIFIER = com.alexrdclement.uiplayground;
				PRODUCT_NAME = "$(TARGET_NAME)";
				SWIFT_EMIT_LOC_STRINGS = YES;
				SWIFT_VERSION = 5.0;
				TARGETED_DEVICE_FAMILY = "1,2";
			};
			name = Release;
		};
		7D1E876F2CC323E800CF054D /* Debug */ = {
			isa = XCBuildConfiguration;
			buildSettings = {
				ALWAYS_EMBED_SWIFT_STANDARD_LIBRARIES = YES;
				BUNDLE_LOADER = "$(TEST_HOST)";
				CODE_SIGN_STYLE = Automatic;
				CURRENT_PROJECT_VERSION = 1;
				GENERATE_INFOPLIST_FILE = YES;
				IPHONEOS_DEPLOYMENT_TARGET = 17.4;
				MARKETING_VERSION = 1.0;
				PRODUCT_BUNDLE_IDENTIFIER = com.alexrdclement.uiplaygroundTests;
				PRODUCT_NAME = "$(TARGET_NAME)";
				SWIFT_EMIT_LOC_STRINGS = NO;
				SWIFT_VERSION = 5.0;
				TARGETED_DEVICE_FAMILY = "1,2";
				TEST_HOST = "$(BUILT_PRODUCTS_DIR)/UiPlayground.app/$(BUNDLE_EXECUTABLE_FOLDER_PATH)/UiPlayground";
			};
			name = Debug;
		};
		7D1E87702CC323E800CF054D /* Release */ = {
			isa = XCBuildConfiguration;
			buildSettings = {
				ALWAYS_EMBED_SWIFT_STANDARD_LIBRARIES = YES;
				BUNDLE_LOADER = "$(TEST_HOST)";
				CODE_SIGN_STYLE = Automatic;
				CURRENT_PROJECT_VERSION = 1;
				GENERATE_INFOPLIST_FILE = YES;
				IPHONEOS_DEPLOYMENT_TARGET = 17.4;
				MARKETING_VERSION = 1.0;
				PRODUCT_BUNDLE_IDENTIFIER = com.alexrdclement.uiplaygroundTests;
				PRODUCT_NAME = "$(TARGET_NAME)";
				SWIFT_EMIT_LOC_STRINGS = NO;
				SWIFT_VERSION = 5.0;
				TARGETED_DEVICE_FAMILY = "1,2";
				TEST_HOST = "$(BUILT_PRODUCTS_DIR)/UiPlayground.app/$(BUNDLE_EXECUTABLE_FOLDER_PATH)/UiPlayground";
			};
			name = Release;
		};
		7D1E87722CC323E800CF054D /* Debug */ = {
			isa = XCBuildConfiguration;
			buildSettings = {
				ALWAYS_EMBED_SWIFT_STANDARD_LIBRARIES = YES;
				CODE_SIGN_STYLE = Automatic;
				CURRENT_PROJECT_VERSION = 1;
				GENERATE_INFOPLIST_FILE = YES;
				MARKETING_VERSION = 1.0;
				PRODUCT_BUNDLE_IDENTIFIER = com.alexrdclement.uiplaygroundUITests;
				PRODUCT_NAME = "$(TARGET_NAME)";
				SWIFT_EMIT_LOC_STRINGS = NO;
				SWIFT_VERSION = 5.0;
				TARGETED_DEVICE_FAMILY = "1,2";
				TEST_TARGET_NAME = uiplayground;
			};
			name = Debug;
		};
		7D1E87732CC323E800CF054D /* Release */ = {
			isa = XCBuildConfiguration;
			buildSettings = {
				ALWAYS_EMBED_SWIFT_STANDARD_LIBRARIES = YES;
				CODE_SIGN_STYLE = Automatic;
				CURRENT_PROJECT_VERSION = 1;
				GENERATE_INFOPLIST_FILE = YES;
				MARKETING_VERSION = 1.0;
				PRODUCT_BUNDLE_IDENTIFIER = com.alexrdclement.uiplaygroundUITests;
				PRODUCT_NAME = "$(TARGET_NAME)";
				SWIFT_EMIT_LOC_STRINGS = NO;
				SWIFT_VERSION = 5.0;
				TARGETED_DEVICE_FAMILY = "1,2";
				TEST_TARGET_NAME = uiplayground;
			};
			name = Release;
		};
/* End XCBuildConfiguration section */

/* Begin XCConfigurationList section */
		7D1E87422CC323E600CF054D /* Build configuration list for PBXProject "UiPlayground" */ = {
			isa = XCConfigurationList;
			buildConfigurations = (
				7D1E87692CC323E800CF054D /* Debug */,
				7D1E876A2CC323E800CF054D /* Release */,
			);
			defaultConfigurationIsVisible = 0;
			defaultConfigurationName = Release;
		};
		7D1E876B2CC323E800CF054D /* Build configuration list for PBXNativeTarget "UiPlayground" */ = {
			isa = XCConfigurationList;
			buildConfigurations = (
				7D1E876C2CC323E800CF054D /* Debug */,
				7D1E876D2CC323E800CF054D /* Release */,
			);
			defaultConfigurationIsVisible = 0;
			defaultConfigurationName = Release;
		};
		7D1E876E2CC323E800CF054D /* Build configuration list for PBXNativeTarget "UiPlaygroundTests" */ = {
			isa = XCConfigurationList;
			buildConfigurations = (
				7D1E876F2CC323E800CF054D /* Debug */,
				7D1E87702CC323E800CF054D /* Release */,
			);
			defaultConfigurationIsVisible = 0;
			defaultConfigurationName = Release;
		};
		7D1E87712CC323E800CF054D /* Build configuration list for PBXNativeTarget "UiPlaygroundUITests" */ = {
			isa = XCConfigurationList;
			buildConfigurations = (
				7D1E87722CC323E800CF054D /* Debug */,
				7D1E87732CC323E800CF054D /* Release */,
			);
			defaultConfigurationIsVisible = 0;
			defaultConfigurationName = Release;
		};
/* End XCConfigurationList section */
	};
	rootObject = 7D1E873F2CC323E600CF054D /* Project object */;
}
